// !$*UTF8*$!
{
	archiveVersion = 1;
	classes = {
	};
	objectVersion = 50;
	objects = {

/* Begin PBXBuildFile section */
		5D58D91823D736AA005EE578 /* splash.png in Resources */ = {isa = PBXBuildFile; fileRef = 5D58D91723D736AA005EE578 /* splash.png */; };
		5D58D91E23D73716005EE578 /* SplashViewController.swift in Sources */ = {isa = PBXBuildFile; fileRef = 5D58D91D23D73716005EE578 /* SplashViewController.swift */; };
		5D58D92023D73964005EE578 /* InitialViewController.swift in Sources */ = {isa = PBXBuildFile; fileRef = 5D58D91F23D73964005EE578 /* InitialViewController.swift */; };
		5D58D92223D73FB9005EE578 /* logotext.png in Resources */ = {isa = PBXBuildFile; fileRef = 5D58D92123D73FB9005EE578 /* logotext.png */; };
		5D58D92723D794FC005EE578 /* Constants.swift in Sources */ = {isa = PBXBuildFile; fileRef = 5D58D92623D794FC005EE578 /* Constants.swift */; };
		5D58D95323D9DC41005EE578 /* RefillPointCell.swift in Sources */ = {isa = PBXBuildFile; fileRef = 5D58D95123D9DC41005EE578 /* RefillPointCell.swift */; };
		5D58D95423D9DC41005EE578 /* RefillPointCell.xib in Resources */ = {isa = PBXBuildFile; fileRef = 5D58D95223D9DC41005EE578 /* RefillPointCell.xib */; };
		5D58D95623D9E700005EE578 /* drop.png in Resources */ = {isa = PBXBuildFile; fileRef = 5D58D95523D9E700005EE578 /* drop.png */; };
		5DFAA3AA23D5DF25003E5C7D /* AppDelegate.swift in Sources */ = {isa = PBXBuildFile; fileRef = 5DFAA3A923D5DF25003E5C7D /* AppDelegate.swift */; };
		5DFAA3AE23D5DF25003E5C7D /* ViewController.swift in Sources */ = {isa = PBXBuildFile; fileRef = 5DFAA3AD23D5DF25003E5C7D /* ViewController.swift */; };
		5DFAA3B123D5DF25003E5C7D /* Main.storyboard in Resources */ = {isa = PBXBuildFile; fileRef = 5DFAA3AF23D5DF25003E5C7D /* Main.storyboard */; };
		5DFAA3B323D5DF27003E5C7D /* Assets.xcassets in Resources */ = {isa = PBXBuildFile; fileRef = 5DFAA3B223D5DF27003E5C7D /* Assets.xcassets */; };
		5DFAA3B623D5DF27003E5C7D /* LaunchScreen.storyboard in Resources */ = {isa = PBXBuildFile; fileRef = 5DFAA3B423D5DF27003E5C7D /* LaunchScreen.storyboard */; };
		5DFAA3C223D5E2C8003E5C7D /* NetworkRequest.swift in Sources */ = {isa = PBXBuildFile; fileRef = 5DFAA3C123D5E2C8003E5C7D /* NetworkRequest.swift */; };
		5DFAA3C423D62E48003E5C7D /* GetRefillPoints.swift in Sources */ = {isa = PBXBuildFile; fileRef = 5DFAA3C323D62E48003E5C7D /* GetRefillPoints.swift */; };
		5DFAA3C623D62E5D003E5C7D /* RefillPoint.swift in Sources */ = {isa = PBXBuildFile; fileRef = 5DFAA3C523D62E5D003E5C7D /* RefillPoint.swift */; };
		5DFAA3C823D62E74003E5C7D /* RefillPointsParser.swift in Sources */ = {isa = PBXBuildFile; fileRef = 5DFAA3C723D62E74003E5C7D /* RefillPointsParser.swift */; };
		8118DD2DB0AB3D6507A8F7E4 /* Pods_WaterRefill.framework in Frameworks */ = {isa = PBXBuildFile; fileRef = 8D05EFE5F7E25CA281383D0C /* Pods_WaterRefill.framework */; };
/* End PBXBuildFile section */

/* Begin PBXFileReference section */
		0708D1937978B8589A1E9256 /* Pods-WaterRefill.release.xcconfig */ = {isa = PBXFileReference; includeInIndex = 1; lastKnownFileType = text.xcconfig; name = "Pods-WaterRefill.release.xcconfig"; path = "Target Support Files/Pods-WaterRefill/Pods-WaterRefill.release.xcconfig"; sourceTree = "<group>"; };
		5D58D91723D736AA005EE578 /* splash.png */ = {isa = PBXFileReference; lastKnownFileType = image.png; path = splash.png; sourceTree = "<group>"; };
		5D58D91D23D73716005EE578 /* SplashViewController.swift */ = {isa = PBXFileReference; lastKnownFileType = sourcecode.swift; path = SplashViewController.swift; sourceTree = "<group>"; };
		5D58D91F23D73964005EE578 /* InitialViewController.swift */ = {isa = PBXFileReference; lastKnownFileType = sourcecode.swift; path = InitialViewController.swift; sourceTree = "<group>"; };
		5D58D92123D73FB9005EE578 /* logotext.png */ = {isa = PBXFileReference; lastKnownFileType = image.png; path = logotext.png; sourceTree = "<group>"; };
		5D58D92623D794FC005EE578 /* Constants.swift */ = {isa = PBXFileReference; lastKnownFileType = sourcecode.swift; path = Constants.swift; sourceTree = "<group>"; };
		5D58D95123D9DC41005EE578 /* RefillPointCell.swift */ = {isa = PBXFileReference; lastKnownFileType = sourcecode.swift; path = RefillPointCell.swift; sourceTree = "<group>"; };
		5D58D95223D9DC41005EE578 /* RefillPointCell.xib */ = {isa = PBXFileReference; lastKnownFileType = file.xib; path = RefillPointCell.xib; sourceTree = "<group>"; };
		5D58D95523D9E700005EE578 /* drop.png */ = {isa = PBXFileReference; lastKnownFileType = image.png; path = drop.png; sourceTree = "<group>"; };
		5DFAA3A623D5DF25003E5C7D /* WaterRefill.app */ = {isa = PBXFileReference; explicitFileType = wrapper.application; includeInIndex = 0; path = WaterRefill.app; sourceTree = BUILT_PRODUCTS_DIR; };
		5DFAA3A923D5DF25003E5C7D /* AppDelegate.swift */ = {isa = PBXFileReference; lastKnownFileType = sourcecode.swift; path = AppDelegate.swift; sourceTree = "<group>"; };
		5DFAA3AD23D5DF25003E5C7D /* ViewController.swift */ = {isa = PBXFileReference; lastKnownFileType = sourcecode.swift; path = ViewController.swift; sourceTree = "<group>"; };
		5DFAA3B023D5DF25003E5C7D /* Base */ = {isa = PBXFileReference; lastKnownFileType = file.storyboard; name = Base; path = Base.lproj/Main.storyboard; sourceTree = "<group>"; };
		5DFAA3B223D5DF27003E5C7D /* Assets.xcassets */ = {isa = PBXFileReference; lastKnownFileType = folder.assetcatalog; path = Assets.xcassets; sourceTree = "<group>"; };
		5DFAA3B523D5DF27003E5C7D /* Base */ = {isa = PBXFileReference; lastKnownFileType = file.storyboard; name = Base; path = Base.lproj/LaunchScreen.storyboard; sourceTree = "<group>"; };
		5DFAA3B723D5DF27003E5C7D /* Info.plist */ = {isa = PBXFileReference; lastKnownFileType = text.plist.xml; path = Info.plist; sourceTree = "<group>"; };
		5DFAA3C123D5E2C8003E5C7D /* NetworkRequest.swift */ = {isa = PBXFileReference; lastKnownFileType = sourcecode.swift; path = NetworkRequest.swift; sourceTree = "<group>"; };
		5DFAA3C323D62E48003E5C7D /* GetRefillPoints.swift */ = {isa = PBXFileReference; lastKnownFileType = sourcecode.swift; path = GetRefillPoints.swift; sourceTree = "<group>"; };
		5DFAA3C523D62E5D003E5C7D /* RefillPoint.swift */ = {isa = PBXFileReference; lastKnownFileType = sourcecode.swift; path = RefillPoint.swift; sourceTree = "<group>"; };
		5DFAA3C723D62E74003E5C7D /* RefillPointsParser.swift */ = {isa = PBXFileReference; lastKnownFileType = sourcecode.swift; path = RefillPointsParser.swift; sourceTree = "<group>"; };
		8D05EFE5F7E25CA281383D0C /* Pods_WaterRefill.framework */ = {isa = PBXFileReference; explicitFileType = wrapper.framework; includeInIndex = 0; path = Pods_WaterRefill.framework; sourceTree = BUILT_PRODUCTS_DIR; };
		B2935B5C2E8CB9A6E3D77B50 /* Pods-WaterRefill.debug.xcconfig */ = {isa = PBXFileReference; includeInIndex = 1; lastKnownFileType = text.xcconfig; name = "Pods-WaterRefill.debug.xcconfig"; path = "Target Support Files/Pods-WaterRefill/Pods-WaterRefill.debug.xcconfig"; sourceTree = "<group>"; };
/* End PBXFileReference section */

/* Begin PBXFrameworksBuildPhase section */
		5DFAA3A323D5DF25003E5C7D /* Frameworks */ = {
			isa = PBXFrameworksBuildPhase;
			buildActionMask = 2147483647;
			files = (
				8118DD2DB0AB3D6507A8F7E4 /* Pods_WaterRefill.framework in Frameworks */,
			);
			runOnlyForDeploymentPostprocessing = 0;
		};
/* End PBXFrameworksBuildPhase section */

/* Begin PBXGroup section */
		5D58D91423D72B8B005EE578 /* Controllers */ = {
			isa = PBXGroup;
			children = (
				5D58D91D23D73716005EE578 /* SplashViewController.swift */,
				5D58D91F23D73964005EE578 /* InitialViewController.swift */,
			);
			path = Controllers;
			sourceTree = "<group>";
		};
		5D58D91523D73679005EE578 /* Resources */ = {
			isa = PBXGroup;
			children = (
				5D58D91623D7369C005EE578 /* Images */,
			);
			path = Resources;
			sourceTree = "<group>";
		};
		5D58D91623D7369C005EE578 /* Images */ = {
			isa = PBXGroup;
			children = (
				5D58D91723D736AA005EE578 /* splash.png */,
				5D58D92123D73FB9005EE578 /* logotext.png */,
				5D58D95523D9E700005EE578 /* drop.png */,
			);
			path = Images;
			sourceTree = "<group>";
		};
		5D58D92523D794CE005EE578 /* Constants */ = {
			isa = PBXGroup;
			children = (
				5D58D92623D794FC005EE578 /* Constants.swift */,
			);
			path = Constants;
			sourceTree = "<group>";
		};
		5D58D94823D8D97D005EE578 /* Views */ = {
			isa = PBXGroup;
			children = (
				5D58D95123D9DC41005EE578 /* RefillPointCell.swift */,
				5D58D95223D9DC41005EE578 /* RefillPointCell.xib */,
			);
			path = Views;
			sourceTree = "<group>";
		};
		5DFAA39D23D5DF25003E5C7D = {
			isa = PBXGroup;
			children = (
				5DFAA3A823D5DF25003E5C7D /* WaterRefill */,
				5DFAA3A723D5DF25003E5C7D /* Products */,
				AEB7B81D8F94D8260E655338 /* Pods */,
				8A54027FBC5B14DDE1A1AF2F /* Frameworks */,
			);
			sourceTree = "<group>";
		};
		5DFAA3A723D5DF25003E5C7D /* Products */ = {
			isa = PBXGroup;
			children = (
				5DFAA3A623D5DF25003E5C7D /* WaterRefill.app */,
			);
			name = Products;
			sourceTree = "<group>";
		};
		5DFAA3A823D5DF25003E5C7D /* WaterRefill */ = {
			isa = PBXGroup;
			children = (
				5D58D94823D8D97D005EE578 /* Views */,
				5D58D92523D794CE005EE578 /* Constants */,
				5D58D91423D72B8B005EE578 /* Controllers */,
				5DFAA3BD23D5DF76003E5C7D /* Network */,
				5D58D91523D73679005EE578 /* Resources */,
				5DFAA3A923D5DF25003E5C7D /* AppDelegate.swift */,
				5DFAA3AD23D5DF25003E5C7D /* ViewController.swift */,
				5DFAA3AF23D5DF25003E5C7D /* Main.storyboard */,
				5DFAA3B223D5DF27003E5C7D /* Assets.xcassets */,
				5DFAA3B423D5DF27003E5C7D /* LaunchScreen.storyboard */,
				5DFAA3B723D5DF27003E5C7D /* Info.plist */,
			);
			path = WaterRefill;
			sourceTree = "<group>";
		};
		5DFAA3BD23D5DF76003E5C7D /* Network */ = {
			isa = PBXGroup;
			children = (
				5DFAA3C023D5E1EC003E5C7D /* models */,
				5DFAA3BF23D5E1E4003E5C7D /* parser */,
				5DFAA3BE23D5E1DF003E5C7D /* request */,
			);
			path = Network;
			sourceTree = "<group>";
		};
		5DFAA3BE23D5E1DF003E5C7D /* request */ = {
			isa = PBXGroup;
			children = (
				5DFAA3C123D5E2C8003E5C7D /* NetworkRequest.swift */,
				5DFAA3C323D62E48003E5C7D /* GetRefillPoints.swift */,
			);
			path = request;
			sourceTree = "<group>";
		};
		5DFAA3BF23D5E1E4003E5C7D /* parser */ = {
			isa = PBXGroup;
			children = (
				5DFAA3C723D62E74003E5C7D /* RefillPointsParser.swift */,
			);
			path = parser;
			sourceTree = "<group>";
		};
		5DFAA3C023D5E1EC003E5C7D /* models */ = {
			isa = PBXGroup;
			children = (
				5DFAA3C523D62E5D003E5C7D /* RefillPoint.swift */,
			);
			path = models;
			sourceTree = "<group>";
		};
		8A54027FBC5B14DDE1A1AF2F /* Frameworks */ = {
			isa = PBXGroup;
			children = (
				8D05EFE5F7E25CA281383D0C /* Pods_WaterRefill.framework */,
			);
			name = Frameworks;
			sourceTree = "<group>";
		};
		AEB7B81D8F94D8260E655338 /* Pods */ = {
			isa = PBXGroup;
			children = (
				B2935B5C2E8CB9A6E3D77B50 /* Pods-WaterRefill.debug.xcconfig */,
				0708D1937978B8589A1E9256 /* Pods-WaterRefill.release.xcconfig */,
			);
			path = Pods;
			sourceTree = "<group>";
		};
/* End PBXGroup section */

/* Begin PBXNativeTarget section */
		5DFAA3A523D5DF25003E5C7D /* WaterRefill */ = {
			isa = PBXNativeTarget;
			buildConfigurationList = 5DFAA3BA23D5DF27003E5C7D /* Build configuration list for PBXNativeTarget "WaterRefill" */;
			buildPhases = (
				39DF2CD49D61136EF1A14B54 /* [CP] Check Pods Manifest.lock */,
				5DFAA3A223D5DF25003E5C7D /* Sources */,
				5DFAA3A323D5DF25003E5C7D /* Frameworks */,
				5DFAA3A423D5DF25003E5C7D /* Resources */,
				3AB3F7DC4942A777E0FF6CDA /* [CP] Embed Pods Frameworks */,
				F62FC2EE51F23CDA32230EBD /* [CP] Copy Pods Resources */,
			);
			buildRules = (
			);
			dependencies = (
			);
			name = WaterRefill;
			productName = WaterRefill;
			productReference = 5DFAA3A623D5DF25003E5C7D /* WaterRefill.app */;
			productType = "com.apple.product-type.application";
		};
/* End PBXNativeTarget section */

/* Begin PBXProject section */
		5DFAA39E23D5DF25003E5C7D /* Project object */ = {
			isa = PBXProject;
			attributes = {
				LastSwiftUpdateCheck = 1120;
				LastUpgradeCheck = 1120;
				ORGANIZATIONNAME = FabCoders;
				TargetAttributes = {
					5DFAA3A523D5DF25003E5C7D = {
						CreatedOnToolsVersion = 11.2.1;
					};
				};
			};
			buildConfigurationList = 5DFAA3A123D5DF25003E5C7D /* Build configuration list for PBXProject "WaterRefill" */;
			compatibilityVersion = "Xcode 9.3";
			developmentRegion = en;
			hasScannedForEncodings = 0;
			knownRegions = (
				en,
				Base,
			);
			mainGroup = 5DFAA39D23D5DF25003E5C7D;
			productRefGroup = 5DFAA3A723D5DF25003E5C7D /* Products */;
			projectDirPath = "";
			projectRoot = "";
			targets = (
				5DFAA3A523D5DF25003E5C7D /* WaterRefill */,
			);
		};
/* End PBXProject section */

/* Begin PBXResourcesBuildPhase section */
		5DFAA3A423D5DF25003E5C7D /* Resources */ = {
			isa = PBXResourcesBuildPhase;
			buildActionMask = 2147483647;
			files = (
				5D58D91823D736AA005EE578 /* splash.png in Resources */,
				5DFAA3B623D5DF27003E5C7D /* LaunchScreen.storyboard in Resources */,
				5D58D95423D9DC41005EE578 /* RefillPointCell.xib in Resources */,
				5D58D95623D9E700005EE578 /* drop.png in Resources */,
				5DFAA3B323D5DF27003E5C7D /* Assets.xcassets in Resources */,
				5D58D92223D73FB9005EE578 /* logotext.png in Resources */,
				5DFAA3B123D5DF25003E5C7D /* Main.storyboard in Resources */,
			);
			runOnlyForDeploymentPostprocessing = 0;
		};
/* End PBXResourcesBuildPhase section */

/* Begin PBXShellScriptBuildPhase section */
		39DF2CD49D61136EF1A14B54 /* [CP] Check Pods Manifest.lock */ = {
			isa = PBXShellScriptBuildPhase;
			buildActionMask = 2147483647;
			files = (
			);
			inputFileListPaths = (
			);
			inputPaths = (
				"${PODS_PODFILE_DIR_PATH}/Podfile.lock",
				"${PODS_ROOT}/Manifest.lock",
			);
			name = "[CP] Check Pods Manifest.lock";
			outputFileListPaths = (
			);
			outputPaths = (
				"$(DERIVED_FILE_DIR)/Pods-WaterRefill-checkManifestLockResult.txt",
			);
			runOnlyForDeploymentPostprocessing = 0;
			shellPath = /bin/sh;
			shellScript = "diff \"${PODS_PODFILE_DIR_PATH}/Podfile.lock\" \"${PODS_ROOT}/Manifest.lock\" > /dev/null\nif [ $? != 0 ] ; then\n    # print error to STDERR\n    echo \"error: The sandbox is not in sync with the Podfile.lock. Run 'pod install' or update your CocoaPods installation.\" >&2\n    exit 1\nfi\n# This output is used by Xcode 'outputs' to avoid re-running this script phase.\necho \"SUCCESS\" > \"${SCRIPT_OUTPUT_FILE_0}\"\n";
			showEnvVarsInLog = 0;
		};
		3AB3F7DC4942A777E0FF6CDA /* [CP] Embed Pods Frameworks */ = {
			isa = PBXShellScriptBuildPhase;
			buildActionMask = 2147483647;
			files = (
			);
			inputFileListPaths = (
			);
			inputPaths = (
				"${PODS_ROOT}/Target Support Files/Pods-WaterRefill/Pods-WaterRefill-frameworks.sh",
				"${BUILT_PRODUCTS_DIR}/Alamofire/Alamofire.framework",
				"${BUILT_PRODUCTS_DIR}/DropDown/DropDown.framework",
				"${BUILT_PRODUCTS_DIR}/SDWebImage/SDWebImage.framework",
				"${BUILT_PRODUCTS_DIR}/SwiftyJSON/SwiftyJSON.framework",
			);
			name = "[CP] Embed Pods Frameworks";
			outputFileListPaths = (
			);
			outputPaths = (
				"${TARGET_BUILD_DIR}/${FRAMEWORKS_FOLDER_PATH}/Alamofire.framework",
				"${TARGET_BUILD_DIR}/${FRAMEWORKS_FOLDER_PATH}/DropDown.framework",
				"${TARGET_BUILD_DIR}/${FRAMEWORKS_FOLDER_PATH}/SDWebImage.framework",
				"${TARGET_BUILD_DIR}/${FRAMEWORKS_FOLDER_PATH}/SwiftyJSON.framework",
			);
			runOnlyForDeploymentPostprocessing = 0;
			shellPath = /bin/sh;
			shellScript = "\"${PODS_ROOT}/Target Support Files/Pods-WaterRefill/Pods-WaterRefill-frameworks.sh\"\n";
			showEnvVarsInLog = 0;
		};
		F62FC2EE51F23CDA32230EBD /* [CP] Copy Pods Resources */ = {
			isa = PBXShellScriptBuildPhase;
			buildActionMask = 2147483647;
			files = (
			);
			inputFileListPaths = (
			);
			inputPaths = (
				"${PODS_ROOT}/Target Support Files/Pods-WaterRefill/Pods-WaterRefill-resources.sh",
				"${PODS_ROOT}/GoogleMaps/Maps/Frameworks/GoogleMaps.framework/Resources/GoogleMaps.bundle",
			);
			name = "[CP] Copy Pods Resources";
			outputFileListPaths = (
			);
			outputPaths = (
				"${TARGET_BUILD_DIR}/${UNLOCALIZED_RESOURCES_FOLDER_PATH}/GoogleMaps.bundle",
			);
			runOnlyForDeploymentPostprocessing = 0;
			shellPath = /bin/sh;
			shellScript = "\"${PODS_ROOT}/Target Support Files/Pods-WaterRefill/Pods-WaterRefill-resources.sh\"\n";
			showEnvVarsInLog = 0;
		};
/* End PBXShellScriptBuildPhase section */

/* Begin PBXSourcesBuildPhase section */
		5DFAA3A223D5DF25003E5C7D /* Sources */ = {
			isa = PBXSourcesBuildPhase;
			buildActionMask = 2147483647;
			files = (
				5DFAA3AE23D5DF25003E5C7D /* ViewController.swift in Sources */,
				5DFAA3C823D62E74003E5C7D /* RefillPointsParser.swift in Sources */,
				5D58D95323D9DC41005EE578 /* RefillPointCell.swift in Sources */,
				5D58D91E23D73716005EE578 /* SplashViewController.swift in Sources */,
				5DFAA3C223D5E2C8003E5C7D /* NetworkRequest.swift in Sources */,
				5DFAA3C623D62E5D003E5C7D /* RefillPoint.swift in Sources */,
				5DFAA3AA23D5DF25003E5C7D /* AppDelegate.swift in Sources */,
				5DFAA3C423D62E48003E5C7D /* GetRefillPoints.swift in Sources */,
				5D58D92023D73964005EE578 /* InitialViewController.swift in Sources */,
				5D58D92723D794FC005EE578 /* Constants.swift in Sources */,
			);
			runOnlyForDeploymentPostprocessing = 0;
		};
/* End PBXSourcesBuildPhase section */

/* Begin PBXVariantGroup section */
		5DFAA3AF23D5DF25003E5C7D /* Main.storyboard */ = {
			isa = PBXVariantGroup;
			children = (
				5DFAA3B023D5DF25003E5C7D /* Base */,
			);
			name = Main.storyboard;
			sourceTree = "<group>";
		};
		5DFAA3B423D5DF27003E5C7D /* LaunchScreen.storyboard */ = {
			isa = PBXVariantGroup;
			children = (
				5DFAA3B523D5DF27003E5C7D /* Base */,
			);
			name = LaunchScreen.storyboard;
			sourceTree = "<group>";
		};
/* End PBXVariantGroup section */

/* Begin XCBuildConfiguration section */
		5DFAA3B823D5DF27003E5C7D /* Debug */ = {
			isa = XCBuildConfiguration;
			buildSettings = {
				ALWAYS_SEARCH_USER_PATHS = NO;
				CLANG_ANALYZER_NONNULL = YES;
				CLANG_ANALYZER_NUMBER_OBJECT_CONVERSION = YES_AGGRESSIVE;
				CLANG_CXX_LANGUAGE_STANDARD = "gnu++14";
				CLANG_CXX_LIBRARY = "libc++";
				CLANG_ENABLE_MODULES = YES;
				CLANG_ENABLE_OBJC_ARC = YES;
				CLANG_ENABLE_OBJC_WEAK = YES;
				CLANG_WARN_BLOCK_CAPTURE_AUTORELEASING = YES;
				CLANG_WARN_BOOL_CONVERSION = YES;
				CLANG_WARN_COMMA = YES;
				CLANG_WARN_CONSTANT_CONVERSION = YES;
				CLANG_WARN_DEPRECATED_OBJC_IMPLEMENTATIONS = YES;
				CLANG_WARN_DIRECT_OBJC_ISA_USAGE = YES_ERROR;
				CLANG_WARN_DOCUMENTATION_COMMENTS = YES;
				CLANG_WARN_EMPTY_BODY = YES;
				CLANG_WARN_ENUM_CONVERSION = YES;
				CLANG_WARN_INFINITE_RECURSION = YES;
				CLANG_WARN_INT_CONVERSION = YES;
				CLANG_WARN_NON_LITERAL_NULL_CONVERSION = YES;
				CLANG_WARN_OBJC_IMPLICIT_RETAIN_SELF = YES;
				CLANG_WARN_OBJC_LITERAL_CONVERSION = YES;
				CLANG_WARN_OBJC_ROOT_CLASS = YES_ERROR;
				CLANG_WARN_RANGE_LOOP_ANALYSIS = YES;
				CLANG_WARN_STRICT_PROTOTYPES = YES;
				CLANG_WARN_SUSPICIOUS_MOVE = YES;
				CLANG_WARN_UNGUARDED_AVAILABILITY = YES_AGGRESSIVE;
				CLANG_WARN_UNREACHABLE_CODE = YES;
				CLANG_WARN__DUPLICATE_METHOD_MATCH = YES;
				COPY_PHASE_STRIP = NO;
				DEBUG_INFORMATION_FORMAT = dwarf;
				ENABLE_STRICT_OBJC_MSGSEND = YES;
				ENABLE_TESTABILITY = YES;
				GCC_C_LANGUAGE_STANDARD = gnu11;
				GCC_DYNAMIC_NO_PIC = NO;
				GCC_NO_COMMON_BLOCKS = YES;
				GCC_OPTIMIZATION_LEVEL = 0;
				GCC_PREPROCESSOR_DEFINITIONS = (
					"DEBUG=1",
					"$(inherited)",
				);
				GCC_WARN_64_TO_32_BIT_CONVERSION = YES;
				GCC_WARN_ABOUT_RETURN_TYPE = YES_ERROR;
				GCC_WARN_UNDECLARED_SELECTOR = YES;
				GCC_WARN_UNINITIALIZED_AUTOS = YES_AGGRESSIVE;
				GCC_WARN_UNUSED_FUNCTION = YES;
				GCC_WARN_UNUSED_VARIABLE = YES;
				IPHONEOS_DEPLOYMENT_TARGET = 10.0;
				MTL_ENABLE_DEBUG_INFO = INCLUDE_SOURCE;
				MTL_FAST_MATH = YES;
				ONLY_ACTIVE_ARCH = YES;
				SDKROOT = iphoneos;
				SWIFT_ACTIVE_COMPILATION_CONDITIONS = DEBUG;
				SWIFT_OPTIMIZATION_LEVEL = "-Onone";
			};
			name = Debug;
		};
		5DFAA3B923D5DF27003E5C7D /* Release */ = {
			isa = XCBuildConfiguration;
			buildSettings = {
				ALWAYS_SEARCH_USER_PATHS = NO;
				CLANG_ANALYZER_NONNULL = YES;
				CLANG_ANALYZER_NUMBER_OBJECT_CONVERSION = YES_AGGRESSIVE;
				CLANG_CXX_LANGUAGE_STANDARD = "gnu++14";
				CLANG_CXX_LIBRARY = "libc++";
				CLANG_ENABLE_MODULES = YES;
				CLANG_ENABLE_OBJC_ARC = YES;
				CLANG_ENABLE_OBJC_WEAK = YES;
				CLANG_WARN_BLOCK_CAPTURE_AUTORELEASING = YES;
				CLANG_WARN_BOOL_CONVERSION = YES;
				CLANG_WARN_COMMA = YES;
				CLANG_WARN_CONSTANT_CONVERSION = YES;
				CLANG_WARN_DEPRECATED_OBJC_IMPLEMENTATIONS = YES;
				CLANG_WARN_DIRECT_OBJC_ISA_USAGE = YES_ERROR;
				CLANG_WARN_DOCUMENTATION_COMMENTS = YES;
				CLANG_WARN_EMPTY_BODY = YES;
				CLANG_WARN_ENUM_CONVERSION = YES;
				CLANG_WARN_INFINITE_RECURSION = YES;
				CLANG_WARN_INT_CONVERSION = YES;
				CLANG_WARN_NON_LITERAL_NULL_CONVERSION = YES;
				CLANG_WARN_OBJC_IMPLICIT_RETAIN_SELF = YES;
				CLANG_WARN_OBJC_LITERAL_CONVERSION = YES;
				CLANG_WARN_OBJC_ROOT_CLASS = YES_ERROR;
				CLANG_WARN_RANGE_LOOP_ANALYSIS = YES;
				CLANG_WARN_STRICT_PROTOTYPES = YES;
				CLANG_WARN_SUSPICIOUS_MOVE = YES;
				CLANG_WARN_UNGUARDED_AVAILABILITY = YES_AGGRESSIVE;
				CLANG_WARN_UNREACHABLE_CODE = YES;
				CLANG_WARN__DUPLICATE_METHOD_MATCH = YES;
				COPY_PHASE_STRIP = NO;
				DEBUG_INFORMATION_FORMAT = "dwarf-with-dsym";
				ENABLE_NS_ASSERTIONS = NO;
				ENABLE_STRICT_OBJC_MSGSEND = YES;
				GCC_C_LANGUAGE_STANDARD = gnu11;
				GCC_NO_COMMON_BLOCKS = YES;
				GCC_WARN_64_TO_32_BIT_CONVERSION = YES;
				GCC_WARN_ABOUT_RETURN_TYPE = YES_ERROR;
				GCC_WARN_UNDECLARED_SELECTOR = YES;
				GCC_WARN_UNINITIALIZED_AUTOS = YES_AGGRESSIVE;
				GCC_WARN_UNUSED_FUNCTION = YES;
				GCC_WARN_UNUSED_VARIABLE = YES;
				IPHONEOS_DEPLOYMENT_TARGET = 10.0;
				MTL_ENABLE_DEBUG_INFO = NO;
				MTL_FAST_MATH = YES;
				SDKROOT = iphoneos;
				SWIFT_COMPILATION_MODE = wholemodule;
				SWIFT_OPTIMIZATION_LEVEL = "-O";
				VALIDATE_PRODUCT = YES;
			};
			name = Release;
		};
		5DFAA3BB23D5DF27003E5C7D /* Debug */ = {
			isa = XCBuildConfiguration;
			baseConfigurationReference = B2935B5C2E8CB9A6E3D77B50 /* Pods-WaterRefill.debug.xcconfig */;
			buildSettings = {
				ASSETCATALOG_COMPILER_APPICON_NAME = AppIcon;
				CODE_SIGN_STYLE = Automatic;
				DEVELOPMENT_TEAM = 2NBDVAZT58;
				INFOPLIST_FILE = WaterRefill/Info.plist;
				LD_RUNPATH_SEARCH_PATHS = (
					"$(inherited)",
					"@executable_path/Frameworks",
				);
				PRODUCT_BUNDLE_IDENTIFIER = com.carryyourbottle.refill.WaterRefill;
				PRODUCT_NAME = "$(TARGET_NAME)";
				SWIFT_VERSION = 5.0;
				TARGETED_DEVICE_FAMILY = "1,2";
			};
			name = Debug;
		};
		5DFAA3BC23D5DF27003E5C7D /* Release */ = {
			isa = XCBuildConfiguration;
			baseConfigurationReference = 0708D1937978B8589A1E9256 /* Pods-WaterRefill.release.xcconfig */;
			buildSettings = {
				ASSETCATALOG_COMPILER_APPICON_NAME = AppIcon;
				CODE_SIGN_STYLE = Automatic;
				DEVELOPMENT_TEAM = 2NBDVAZT58;
				INFOPLIST_FILE = WaterRefill/Info.plist;
				LD_RUNPATH_SEARCH_PATHS = (
					"$(inherited)",
					"@executable_path/Frameworks",
				);
				PRODUCT_BUNDLE_IDENTIFIER = com.carryyourbottle.refill.WaterRefill;
				PRODUCT_NAME = "$(TARGET_NAME)";
				SWIFT_VERSION = 5.0;
				TARGETED_DEVICE_FAMILY = "1,2";
			};
			name = Release;
		};
/* End XCBuildConfiguration section */

/* Begin XCConfigurationList section */
		5DFAA3A123D5DF25003E5C7D /* Build configuration list for PBXProject "WaterRefill" */ = {
			isa = XCConfigurationList;
			buildConfigurations = (
				5DFAA3B823D5DF27003E5C7D /* Debug */,
				5DFAA3B923D5DF27003E5C7D /* Release */,
			);
			defaultConfigurationIsVisible = 0;
			defaultConfigurationName = Release;
		};
		5DFAA3BA23D5DF27003E5C7D /* Build configuration list for PBXNativeTarget "WaterRefill" */ = {
			isa = XCConfigurationList;
			buildConfigurations = (
				5DFAA3BB23D5DF27003E5C7D /* Debug */,
				5DFAA3BC23D5DF27003E5C7D /* Release */,
			);
			defaultConfigurationIsVisible = 0;
			defaultConfigurationName = Release;
		};
/* End XCConfigurationList section */
	};
	rootObject = 5DFAA39E23D5DF25003E5C7D /* Project object */;
}
